
Microsoft Visual Studio Solution File, Format Version 12.00
# Visual Studio 15
Project("{FAE04EC0-301F-11D3-BF4B-00C04F79EFBC}") = "Assembly-CSharp", "Assembly-CSharp.csproj", "{F5400719-58C3-8A01-CF57-D858708A834B}"
EndProject
Global
	GlobalSection(SolutionConfigurationPlatforms) = preSolution
		Debug|Any CPU = Debug|Any CPU
		Release|Any CPU = Release|Any CPU
	EndGlobalSection
	GlobalSection(ProjectConfigurationPlatforms) = postSolution
		{F5400719-58C3-8A01-CF57-D858708A834B}.Debug|Any CPU.ActiveCfg = Debug|Any CPU
		{F5400719-58C3-8A01-CF57-D858708A834B}.Debug|Any CPU.Build.0 = Debug|Any CPU
		{F5400719-58C3-8A01-CF57-D858708A834B}.Release|Any CPU.ActiveCfg = Release|Any CPU
		{F5400719-58C3-8A01-CF57-D858708A834B}.Release|Any CPU.Build.0 = Release|Any CPU
	EndGlobalSection
	GlobalSection(SolutionProperties) = preSolution
		HideSolutionNode = FALSE
	EndGlobalSection
EndGlobal
